// !$*UTF8*$!
{
	archiveVersion = 1;
	classes = {
	};
	objectVersion = 50;
	objects = {

/* Begin PBXBuildFile section */
		2A4630DE2550587200953B70 /* Item-CoreDataHelpers.swift in Sources */ = {isa = PBXBuildFile; fileRef = 2A4630DD2550587200953B70 /* Item-CoreDataHelpers.swift */; };
		2A4630E125505A6500953B70 /* Project-CoreDataHelpers.swift in Sources */ = {isa = PBXBuildFile; fileRef = 2A4630E025505A6500953B70 /* Project-CoreDataHelpers.swift */; };
		2A4630E425519D5F00953B70 /* EditItemView.swift in Sources */ = {isa = PBXBuildFile; fileRef = 2A4630E325519D5F00953B70 /* EditItemView.swift */; };
		2A4630E72551ABC700953B70 /* ItemRowView.swift in Sources */ = {isa = PBXBuildFile; fileRef = 2A4630E62551ABC700953B70 /* ItemRowView.swift */; };
		2A6035182549F47A000FECA8 /* DavesPortfolioAppApp.swift in Sources */ = {isa = PBXBuildFile; fileRef = 2A6035172549F47A000FECA8 /* DavesPortfolioAppApp.swift */; };
		2A60351A2549F47A000FECA8 /* ContentView.swift in Sources */ = {isa = PBXBuildFile; fileRef = 2A6035192549F47A000FECA8 /* ContentView.swift */; };
		2A60351C2549F47E000FECA8 /* Assets.xcassets in Resources */ = {isa = PBXBuildFile; fileRef = 2A60351B2549F47E000FECA8 /* Assets.xcassets */; };
		2A60351F2549F47E000FECA8 /* Preview Assets.xcassets in Resources */ = {isa = PBXBuildFile; fileRef = 2A60351E2549F47E000FECA8 /* Preview Assets.xcassets */; };
		2A6035292549F9DB000FECA8 /* Main.xcdatamodeld in Sources */ = {isa = PBXBuildFile; fileRef = 2A6035272549F9DB000FECA8 /* Main.xcdatamodeld */; };
		2A60352C2549FE93000FECA8 /* DataController.swift in Sources */ = {isa = PBXBuildFile; fileRef = 2A60352B2549FE93000FECA8 /* DataController.swift */; };
		2A603532254A16A9000FECA8 /* CloudKit.framework in Frameworks */ = {isa = PBXBuildFile; fileRef = 2A603531254A16A9000FECA8 /* CloudKit.framework */; };
		2A71484E254CAD9F00DD9CBB /* HomeView.swift in Sources */ = {isa = PBXBuildFile; fileRef = 2A71484D254CAD9E00DD9CBB /* HomeView.swift */; };
		2A714851254CAFAB00DD9CBB /* ProjectsView.swift in Sources */ = {isa = PBXBuildFile; fileRef = 2A714850254CAFAB00DD9CBB /* ProjectsView.swift */; };
		2A8928BD2554489000146061 /* Binding-OnChange.swift in Sources */ = {isa = PBXBuildFile; fileRef = 2A8928BC2554489000146061 /* Binding-OnChange.swift */; };
/* End PBXBuildFile section */

/* Begin PBXFileReference section */
		2A4630DD2550587200953B70 /* Item-CoreDataHelpers.swift */ = {isa = PBXFileReference; lastKnownFileType = sourcecode.swift; path = "Item-CoreDataHelpers.swift"; sourceTree = "<group>"; };
		2A4630E025505A6500953B70 /* Project-CoreDataHelpers.swift */ = {isa = PBXFileReference; lastKnownFileType = sourcecode.swift; path = "Project-CoreDataHelpers.swift"; sourceTree = "<group>"; };
		2A4630E325519D5F00953B70 /* EditItemView.swift */ = {isa = PBXFileReference; lastKnownFileType = sourcecode.swift; path = EditItemView.swift; sourceTree = "<group>"; };
		2A4630E62551ABC700953B70 /* ItemRowView.swift */ = {isa = PBXFileReference; lastKnownFileType = sourcecode.swift; path = ItemRowView.swift; sourceTree = "<group>"; };
		2A6035142549F47A000FECA8 /* DavesPortfolioApp.app */ = {isa = PBXFileReference; explicitFileType = wrapper.application; includeInIndex = 0; path = DavesPortfolioApp.app; sourceTree = BUILT_PRODUCTS_DIR; };
		2A6035172549F47A000FECA8 /* DavesPortfolioAppApp.swift */ = {isa = PBXFileReference; lastKnownFileType = sourcecode.swift; path = DavesPortfolioAppApp.swift; sourceTree = "<group>"; };
		2A6035192549F47A000FECA8 /* ContentView.swift */ = {isa = PBXFileReference; lastKnownFileType = sourcecode.swift; path = ContentView.swift; sourceTree = "<group>"; };
		2A60351B2549F47E000FECA8 /* Assets.xcassets */ = {isa = PBXFileReference; lastKnownFileType = folder.assetcatalog; path = Assets.xcassets; sourceTree = "<group>"; };
		2A60351E2549F47E000FECA8 /* Preview Assets.xcassets */ = {isa = PBXFileReference; lastKnownFileType = folder.assetcatalog; path = "Preview Assets.xcassets"; sourceTree = "<group>"; };
		2A6035202549F47E000FECA8 /* Info.plist */ = {isa = PBXFileReference; lastKnownFileType = text.plist.xml; path = Info.plist; sourceTree = "<group>"; };
		2A6035282549F9DB000FECA8 /* Main.xcdatamodel */ = {isa = PBXFileReference; lastKnownFileType = wrapper.xcdatamodel; path = Main.xcdatamodel; sourceTree = "<group>"; };
		2A60352B2549FE93000FECA8 /* DataController.swift */ = {isa = PBXFileReference; lastKnownFileType = sourcecode.swift; path = DataController.swift; sourceTree = "<group>"; };
		2A60352E254A1655000FECA8 /* DavesPortfolioApp.entitlements */ = {isa = PBXFileReference; lastKnownFileType = text.plist.entitlements; path = DavesPortfolioApp.entitlements; sourceTree = "<group>"; };
		2A603531254A16A9000FECA8 /* CloudKit.framework */ = {isa = PBXFileReference; lastKnownFileType = wrapper.framework; name = CloudKit.framework; path = System/Library/Frameworks/CloudKit.framework; sourceTree = SDKROOT; };
		2A71484D254CAD9E00DD9CBB /* HomeView.swift */ = {isa = PBXFileReference; lastKnownFileType = sourcecode.swift; path = HomeView.swift; sourceTree = "<group>"; };
		2A714850254CAFAB00DD9CBB /* ProjectsView.swift */ = {isa = PBXFileReference; lastKnownFileType = sourcecode.swift; path = ProjectsView.swift; sourceTree = "<group>"; };
		2A8928BC2554489000146061 /* Binding-OnChange.swift */ = {isa = PBXFileReference; lastKnownFileType = sourcecode.swift; path = "Binding-OnChange.swift"; sourceTree = "<group>"; };
/* End PBXFileReference section */

/* Begin PBXFrameworksBuildPhase section */
		2A6035112549F47A000FECA8 /* Frameworks */ = {
			isa = PBXFrameworksBuildPhase;
			buildActionMask = 2147483647;
			files = (
				2A603532254A16A9000FECA8 /* CloudKit.framework in Frameworks */,
			);
			runOnlyForDeploymentPostprocessing = 0;
		};
/* End PBXFrameworksBuildPhase section */

/* Begin PBXGroup section */
		2A60350B2549F47A000FECA8 = {
			isa = PBXGroup;
			children = (
				2A6035162549F47A000FECA8 /* DavesPortfolioApp */,
				2A6035152549F47A000FECA8 /* Products */,
				2A603530254A16A9000FECA8 /* Frameworks */,
			);
			sourceTree = "<group>";
		};
		2A6035152549F47A000FECA8 /* Products */ = {
			isa = PBXGroup;
			children = (
				2A6035142549F47A000FECA8 /* DavesPortfolioApp.app */,
			);
			name = Products;
			sourceTree = "<group>";
		};
		2A6035162549F47A000FECA8 /* DavesPortfolioApp */ = {
			isa = PBXGroup;
			children = (
				2A60352E254A1655000FECA8 /* DavesPortfolioApp.entitlements */,
				2A6035172549F47A000FECA8 /* DavesPortfolioAppApp.swift */,
				2A6035192549F47A000FECA8 /* ContentView.swift */,
				2A4630E325519D5F00953B70 /* EditItemView.swift */,
				2A8928BC2554489000146061 /* Binding-OnChange.swift */,
				2A4630DD2550587200953B70 /* Item-CoreDataHelpers.swift */,
				2A4630E025505A6500953B70 /* Project-CoreDataHelpers.swift */,
				2A6035272549F9DB000FECA8 /* Main.xcdatamodeld */,
				2A60352B2549FE93000FECA8 /* DataController.swift */,
				2A71484D254CAD9E00DD9CBB /* HomeView.swift */,
				2A714850254CAFAB00DD9CBB /* ProjectsView.swift */,
				2A4630E62551ABC700953B70 /* ItemRowView.swift */,
				2A60351B2549F47E000FECA8 /* Assets.xcassets */,
				2A6035202549F47E000FECA8 /* Info.plist */,
				2A60351D2549F47E000FECA8 /* Preview Content */,
			);
			path = DavesPortfolioApp;
			sourceTree = "<group>";
		};
		2A60351D2549F47E000FECA8 /* Preview Content */ = {
			isa = PBXGroup;
			children = (
				2A60351E2549F47E000FECA8 /* Preview Assets.xcassets */,
			);
			path = "Preview Content";
			sourceTree = "<group>";
		};
		2A603530254A16A9000FECA8 /* Frameworks */ = {
			isa = PBXGroup;
			children = (
				2A603531254A16A9000FECA8 /* CloudKit.framework */,
			);
			name = Frameworks;
			sourceTree = "<group>";
		};
/* End PBXGroup section */

/* Begin PBXNativeTarget section */
		2A6035132549F47A000FECA8 /* DavesPortfolioApp */ = {
			isa = PBXNativeTarget;
			buildConfigurationList = 2A6035232549F47E000FECA8 /* Build configuration list for PBXNativeTarget "DavesPortfolioApp" */;
			buildPhases = (
				2A6035102549F47A000FECA8 /* Sources */,
				2A6035112549F47A000FECA8 /* Frameworks */,
				2A6035122549F47A000FECA8 /* Resources */,
			);
			buildRules = (
			);
			dependencies = (
			);
			name = DavesPortfolioApp;
			productName = DavesPortfolioApp;
			productReference = 2A6035142549F47A000FECA8 /* DavesPortfolioApp.app */;
			productType = "com.apple.product-type.application";
		};
/* End PBXNativeTarget section */

/* Begin PBXProject section */
		2A60350C2549F47A000FECA8 /* Project object */ = {
			isa = PBXProject;
			attributes = {
				LastSwiftUpdateCheck = 1210;
				LastUpgradeCheck = 1210;
				TargetAttributes = {
					2A6035132549F47A000FECA8 = {
						CreatedOnToolsVersion = 12.1;
					};
				};
			};
			buildConfigurationList = 2A60350F2549F47A000FECA8 /* Build configuration list for PBXProject "DavesPortfolioApp" */;
			compatibilityVersion = "Xcode 9.3";
			developmentRegion = en;
			hasScannedForEncodings = 0;
			knownRegions = (
				en,
				Base,
			);
			mainGroup = 2A60350B2549F47A000FECA8;
			productRefGroup = 2A6035152549F47A000FECA8 /* Products */;
			projectDirPath = "";
			projectRoot = "";
			targets = (
				2A6035132549F47A000FECA8 /* DavesPortfolioApp */,
			);
		};
/* End PBXProject section */

/* Begin PBXResourcesBuildPhase section */
		2A6035122549F47A000FECA8 /* Resources */ = {
			isa = PBXResourcesBuildPhase;
			buildActionMask = 2147483647;
			files = (
				2A60351F2549F47E000FECA8 /* Preview Assets.xcassets in Resources */,
				2A60351C2549F47E000FECA8 /* Assets.xcassets in Resources */,
			);
			runOnlyForDeploymentPostprocessing = 0;
		};
/* End PBXResourcesBuildPhase section */

/* Begin PBXSourcesBuildPhase section */
		2A6035102549F47A000FECA8 /* Sources */ = {
			isa = PBXSourcesBuildPhase;
			buildActionMask = 2147483647;
			files = (
				2A714851254CAFAB00DD9CBB /* ProjectsView.swift in Sources */,
				2A6035292549F9DB000FECA8 /* Main.xcdatamodeld in Sources */,
				2A4630E125505A6500953B70 /* Project-CoreDataHelpers.swift in Sources */,
				2A60352C2549FE93000FECA8 /* DataController.swift in Sources */,
				2A4630E72551ABC700953B70 /* ItemRowView.swift in Sources */,
				2A60351A2549F47A000FECA8 /* ContentView.swift in Sources */,
				2A8928BD2554489000146061 /* Binding-OnChange.swift in Sources */,
				2A71484E254CAD9F00DD9CBB /* HomeView.swift in Sources */,
				2A6035182549F47A000FECA8 /* DavesPortfolioAppApp.swift in Sources */,
				2A4630DE2550587200953B70 /* Item-CoreDataHelpers.swift in Sources */,
				2A4630E425519D5F00953B70 /* EditItemView.swift in Sources */,
			);
			runOnlyForDeploymentPostprocessing = 0;
		};
/* End PBXSourcesBuildPhase section */

/* Begin XCBuildConfiguration section */
		2A6035212549F47E000FECA8 /* Debug */ = {
			isa = XCBuildConfiguration;
			buildSettings = {
				ALWAYS_SEARCH_USER_PATHS = NO;
				CLANG_ANALYZER_NONNULL = YES;
				CLANG_ANALYZER_NUMBER_OBJECT_CONVERSION = YES_AGGRESSIVE;
				CLANG_CXX_LANGUAGE_STANDARD = "gnu++14";
				CLANG_CXX_LIBRARY = "libc++";
				CLANG_ENABLE_MODULES = YES;
				CLANG_ENABLE_OBJC_ARC = YES;
				CLANG_ENABLE_OBJC_WEAK = YES;
				CLANG_WARN_BLOCK_CAPTURE_AUTORELEASING = YES;
				CLANG_WARN_BOOL_CONVERSION = YES;
				CLANG_WARN_COMMA = YES;
				CLANG_WARN_CONSTANT_CONVERSION = YES;
				CLANG_WARN_DEPRECATED_OBJC_IMPLEMENTATIONS = YES;
				CLANG_WARN_DIRECT_OBJC_ISA_USAGE = YES_ERROR;
				CLANG_WARN_DOCUMENTATION_COMMENTS = YES;
				CLANG_WARN_EMPTY_BODY = YES;
				CLANG_WARN_ENUM_CONVERSION = YES;
				CLANG_WARN_INFINITE_RECURSION = YES;
				CLANG_WARN_INT_CONVERSION = YES;
				CLANG_WARN_NON_LITERAL_NULL_CONVERSION = YES;
				CLANG_WARN_OBJC_IMPLICIT_RETAIN_SELF = YES;
				CLANG_WARN_OBJC_LITERAL_CONVERSION = YES;
				CLANG_WARN_OBJC_ROOT_CLASS = YES_ERROR;
				CLANG_WARN_QUOTED_INCLUDE_IN_FRAMEWORK_HEADER = YES;
				CLANG_WARN_RANGE_LOOP_ANALYSIS = YES;
				CLANG_WARN_STRICT_PROTOTYPES = YES;
				CLANG_WARN_SUSPICIOUS_MOVE = YES;
				CLANG_WARN_UNGUARDED_AVAILABILITY = YES_AGGRESSIVE;
				CLANG_WARN_UNREACHABLE_CODE = YES;
				CLANG_WARN__DUPLICATE_METHOD_MATCH = YES;
				COPY_PHASE_STRIP = NO;
				DEBUG_INFORMATION_FORMAT = dwarf;
				ENABLE_STRICT_OBJC_MSGSEND = YES;
				ENABLE_TESTABILITY = YES;
				GCC_C_LANGUAGE_STANDARD = gnu11;
				GCC_DYNAMIC_NO_PIC = NO;
				GCC_NO_COMMON_BLOCKS = YES;
				GCC_OPTIMIZATION_LEVEL = 0;
				GCC_PREPROCESSOR_DEFINITIONS = (
					"DEBUG=1",
					"$(inherited)",
				);
				GCC_WARN_64_TO_32_BIT_CONVERSION = YES;
				GCC_WARN_ABOUT_RETURN_TYPE = YES_ERROR;
				GCC_WARN_UNDECLARED_SELECTOR = YES;
				GCC_WARN_UNINITIALIZED_AUTOS = YES_AGGRESSIVE;
				GCC_WARN_UNUSED_FUNCTION = YES;
				GCC_WARN_UNUSED_VARIABLE = YES;
				IPHONEOS_DEPLOYMENT_TARGET = 14.1;
				MTL_ENABLE_DEBUG_INFO = INCLUDE_SOURCE;
				MTL_FAST_MATH = YES;
				ONLY_ACTIVE_ARCH = YES;
				SDKROOT = iphoneos;
				SWIFT_ACTIVE_COMPILATION_CONDITIONS = DEBUG;
				SWIFT_OPTIMIZATION_LEVEL = "-Onone";
			};
			name = Debug;
		};
		2A6035222549F47E000FECA8 /* Release */ = {
			isa = XCBuildConfiguration;
			buildSettings = {
				ALWAYS_SEARCH_USER_PATHS = NO;
				CLANG_ANALYZER_NONNULL = YES;
				CLANG_ANALYZER_NUMBER_OBJECT_CONVERSION = YES_AGGRESSIVE;
				CLANG_CXX_LANGUAGE_STANDARD = "gnu++14";
				CLANG_CXX_LIBRARY = "libc++";
				CLANG_ENABLE_MODULES = YES;
				CLANG_ENABLE_OBJC_ARC = YES;
				CLANG_ENABLE_OBJC_WEAK = YES;
				CLANG_WARN_BLOCK_CAPTURE_AUTORELEASING = YES;
				CLANG_WARN_BOOL_CONVERSION = YES;
				CLANG_WARN_COMMA = YES;
				CLANG_WARN_CONSTANT_CONVERSION = YES;
				CLANG_WARN_DEPRECATED_OBJC_IMPLEMENTATIONS = YES;
				CLANG_WARN_DIRECT_OBJC_ISA_USAGE = YES_ERROR;
				CLANG_WARN_DOCUMENTATION_COMMENTS = YES;
				CLANG_WARN_EMPTY_BODY = YES;
				CLANG_WARN_ENUM_CONVERSION = YES;
				CLANG_WARN_INFINITE_RECURSION = YES;
				CLANG_WARN_INT_CONVERSION = YES;
				CLANG_WARN_NON_LITERAL_NULL_CONVERSION = YES;
				CLANG_WARN_OBJC_IMPLICIT_RETAIN_SELF = YES;
				CLANG_WARN_OBJC_LITERAL_CONVERSION = YES;
				CLANG_WARN_OBJC_ROOT_CLASS = YES_ERROR;
				CLANG_WARN_QUOTED_INCLUDE_IN_FRAMEWORK_HEADER = YES;
				CLANG_WARN_RANGE_LOOP_ANALYSIS = YES;
				CLANG_WARN_STRICT_PROTOTYPES = YES;
				CLANG_WARN_SUSPICIOUS_MOVE = YES;
				CLANG_WARN_UNGUARDED_AVAILABILITY = YES_AGGRESSIVE;
				CLANG_WARN_UNREACHABLE_CODE = YES;
				CLANG_WARN__DUPLICATE_METHOD_MATCH = YES;
				COPY_PHASE_STRIP = NO;
				DEBUG_INFORMATION_FORMAT = "dwarf-with-dsym";
				ENABLE_NS_ASSERTIONS = NO;
				ENABLE_STRICT_OBJC_MSGSEND = YES;
				GCC_C_LANGUAGE_STANDARD = gnu11;
				GCC_NO_COMMON_BLOCKS = YES;
				GCC_WARN_64_TO_32_BIT_CONVERSION = YES;
				GCC_WARN_ABOUT_RETURN_TYPE = YES_ERROR;
				GCC_WARN_UNDECLARED_SELECTOR = YES;
				GCC_WARN_UNINITIALIZED_AUTOS = YES_AGGRESSIVE;
				GCC_WARN_UNUSED_FUNCTION = YES;
				GCC_WARN_UNUSED_VARIABLE = YES;
				IPHONEOS_DEPLOYMENT_TARGET = 14.1;
				MTL_ENABLE_DEBUG_INFO = NO;
				MTL_FAST_MATH = YES;
				SDKROOT = iphoneos;
				SWIFT_COMPILATION_MODE = wholemodule;
				SWIFT_OPTIMIZATION_LEVEL = "-O";
				VALIDATE_PRODUCT = YES;
			};
			name = Release;
		};
		2A6035242549F47E000FECA8 /* Debug */ = {
			isa = XCBuildConfiguration;
			buildSettings = {
				ASSETCATALOG_COMPILER_APPICON_NAME = AppIcon;
				ASSETCATALOG_COMPILER_GLOBAL_ACCENT_COLOR_NAME = AccentColor;
				CODE_SIGN_ENTITLEMENTS = DavesPortfolioApp/DavesPortfolioApp.entitlements;
				CODE_SIGN_IDENTITY = "Apple Development";
				CODE_SIGN_STYLE = Automatic;
				DEVELOPMENT_ASSET_PATHS = "\"DavesPortfolioApp/Preview Content\"";
				DEVELOPMENT_TEAM = 74A4PQ6426;
				ENABLE_PREVIEWS = YES;
				INFOPLIST_FILE = DavesPortfolioApp/Info.plist;
				IPHONEOS_DEPLOYMENT_TARGET = 14.0;
				LD_RUNPATH_SEARCH_PATHS = (
					"$(inherited)",
					"@executable_path/Frameworks",
				);
				PRODUCT_BUNDLE_IDENTIFIER = com.Potashnik.DavesPortfolioApp;
				PRODUCT_NAME = "$(TARGET_NAME)";
				PROVISIONING_PROFILE_SPECIFIER = "";
				SWIFT_VERSION = 5.0;
				TARGETED_DEVICE_FAMILY = "1,2";
			};
			name = Debug;
		};
		2A6035252549F47E000FECA8 /* Release */ = {
			isa = XCBuildConfiguration;
			buildSettings = {
				ASSETCATALOG_COMPILER_APPICON_NAME = AppIcon;
				ASSETCATALOG_COMPILER_GLOBAL_ACCENT_COLOR_NAME = AccentColor;
				CODE_SIGN_ENTITLEMENTS = DavesPortfolioApp/DavesPortfolioApp.entitlements;
				CODE_SIGN_IDENTITY = "iPhone Distribution";
				CODE_SIGN_STYLE = Manual;
				DEVELOPMENT_ASSET_PATHS = "\"DavesPortfolioApp/Preview Content\"";
				DEVELOPMENT_TEAM = 74A4PQ6426;
				ENABLE_PREVIEWS = YES;
				INFOPLIST_FILE = DavesPortfolioApp/Info.plist;
				IPHONEOS_DEPLOYMENT_TARGET = 14.0;
				LD_RUNPATH_SEARCH_PATHS = (
					"$(inherited)",
					"@executable_path/Frameworks",
				);
				PRODUCT_BUNDLE_IDENTIFIER = com.Potashnik.DavesPortfolioApp;
				PRODUCT_NAME = "$(TARGET_NAME)";
				PROVISIONING_PROFILE_SPECIFIER = Potashnik;
				SWIFT_VERSION = 5.0;
				TARGETED_DEVICE_FAMILY = "1,2";
			};
			name = Release;
		};
/* End XCBuildConfiguration section */

/* Begin XCConfigurationList section */
		2A60350F2549F47A000FECA8 /* Build configuration list for PBXProject "DavesPortfolioApp" */ = {
			isa = XCConfigurationList;
			buildConfigurations = (
				2A6035212549F47E000FECA8 /* Debug */,
				2A6035222549F47E000FECA8 /* Release */,
			);
			defaultConfigurationIsVisible = 0;
			defaultConfigurationName = Release;
		};
		2A6035232549F47E000FECA8 /* Build configuration list for PBXNativeTarget "DavesPortfolioApp" */ = {
			isa = XCConfigurationList;
			buildConfigurations = (
				2A6035242549F47E000FECA8 /* Debug */,
				2A6035252549F47E000FECA8 /* Release */,
			);
			defaultConfigurationIsVisible = 0;
			defaultConfigurationName = Release;
		};
/* End XCConfigurationList section */

/* Begin XCVersionGroup section */
		2A6035272549F9DB000FECA8 /* Main.xcdatamodeld */ = {
			isa = XCVersionGroup;
			children = (
				2A6035282549F9DB000FECA8 /* Main.xcdatamodel */,
			);
			currentVersion = 2A6035282549F9DB000FECA8 /* Main.xcdatamodel */;
			path = Main.xcdatamodeld;
			sourceTree = "<group>";
			versionGroupType = wrapper.xcdatamodel;
		};
/* End XCVersionGroup section */
	};
	rootObject = 2A60350C2549F47A000FECA8 /* Project object */;
}
